
Microsoft Visual Studio Solution File, Format Version 12.00
# Visual Studio Version 17
VisualStudioVersion = 17.11.35222.181
MinimumVisualStudioVersion = 10.0.40219.1
Project("{9A19103F-16F7-4668-BE54-9A1E7A4F7556}") = "GDSB.MAUI", "GDSB.MAUI.csproj", "{BC379C2B-5898-4643-90E6-D84E56D25361}"
EndProject
Project("{9A19103F-16F7-4668-BE54-9A1E7A4F7556}") = "GDSB.Domain", "..\GDSB.Domain\GDSB.Domain.csproj", "{0C8E5293-47EF-40EB-ABDD-1CE6E529DEA4}"
EndProject
Project("{9A19103F-16F7-4668-BE54-9A1E7A4F7556}") = "GDSB.Infrastructure", "..\GDSB.Infrastructure\GDSB.Infrastructure.csproj", "{8A1BC7C7-E202-4845-A94E-5376B0562CC7}"
EndProject
Global
	GlobalSection(SolutionConfigurationPlatforms) = preSolution
		Debug|Any CPU = Debug|Any CPU
		Release|Any CPU = Release|Any CPU
	EndGlobalSection
	GlobalSection(ProjectConfigurationPlatforms) = postSolution
		{BC379C2B-5898-4643-90E6-D84E56D25361}.Debug|Any CPU.ActiveCfg = Debug|Any CPU
		{BC379C2B-5898-4643-90E6-D84E56D25361}.Debug|Any CPU.Build.0 = Debug|Any CPU
		{BC379C2B-5898-4643-90E6-D84E56D25361}.Release|Any CPU.ActiveCfg = Release|Any CPU
		{BC379C2B-5898-4643-90E6-D84E56D25361}.Release|Any CPU.Build.0 = Release|Any CPU
		{BC379C2B-5898-4643-90E6-D84E56D25361}.Release|Any CPU.Deploy.0 = Release|Any CPU
		{0C8E5293-47EF-40EB-ABDD-1CE6E529DEA4}.Debug|Any CPU.ActiveCfg = Debug|Any CPU
		{0C8E5293-47EF-40EB-ABDD-1CE6E529DEA4}.Debug|Any CPU.Build.0 = Debug|Any CPU
		{0C8E5293-47EF-40EB-ABDD-1CE6E529DEA4}.Release|Any CPU.ActiveCfg = Release|Any CPU
		{0C8E5293-47EF-40EB-ABDD-1CE6E529DEA4}.Release|Any CPU.Build.0 = Release|Any CPU
		{8A1BC7C7-E202-4845-A94E-5376B0562CC7}.Debug|Any CPU.ActiveCfg = Debug|Any CPU
		{8A1BC7C7-E202-4845-A94E-5376B0562CC7}.Debug|Any CPU.Build.0 = Debug|Any CPU
		{8A1BC7C7-E202-4845-A94E-5376B0562CC7}.Release|Any CPU.ActiveCfg = Release|Any CPU
		{8A1BC7C7-E202-4845-A94E-5376B0562CC7}.Release|Any CPU.Build.0 = Release|Any CPU
	EndGlobalSection
	GlobalSection(SolutionProperties) = preSolution
		HideSolutionNode = FALSE
	EndGlobalSection
	GlobalSection(ExtensibilityGlobals) = postSolution
		SolutionGuid = {B7A2FAB8-D73C-4DBD-8989-3702F4889369}
	EndGlobalSection
EndGlobal
